
Microsoft Visual Studio Solution File, Format Version 12.00
# Visual Studio Version 16
VisualStudioVersion = 16.0.32002.261
MinimumVisualStudioVersion = 10.0.40219.1
Project("{FAE04EC0-301F-11D3-BF4B-00C04F79EFBC}") = "BowlingGame", "BowlingGame.csproj", "{9C5A09F1-E679-4FE7-B8A8-3241398B0512}"
EndProject
Project("{FAE04EC0-301F-11D3-BF4B-00C04F79EFBC}") = "BowlingGame.Test", "..\BowlingGame.Test\BowlingGame.Test.csproj", "{3442853D-C4AC-4E7B-B5AF-3E44791C52E6}"
EndProject
Global
	GlobalSection(SolutionConfigurationPlatforms) = preSolution
		Debug|Any CPU = Debug|Any CPU
		Release|Any CPU = Release|Any CPU
	EndGlobalSection
	GlobalSection(ProjectConfigurationPlatforms) = postSolution
		{9C5A09F1-E679-4FE7-B8A8-3241398B0512}.Debug|Any CPU.ActiveCfg = Debug|Any CPU
		{9C5A09F1-E679-4FE7-B8A8-3241398B0512}.Debug|Any CPU.Build.0 = Debug|Any CPU
		{9C5A09F1-E679-4FE7-B8A8-3241398B0512}.Release|Any CPU.ActiveCfg = Release|Any CPU
		{9C5A09F1-E679-4FE7-B8A8-3241398B0512}.Release|Any CPU.Build.0 = Release|Any CPU
		{3442853D-C4AC-4E7B-B5AF-3E44791C52E6}.Debug|Any CPU.ActiveCfg = Debug|Any CPU
		{3442853D-C4AC-4E7B-B5AF-3E44791C52E6}.Debug|Any CPU.Build.0 = Debug|Any CPU
		{3442853D-C4AC-4E7B-B5AF-3E44791C52E6}.Release|Any CPU.ActiveCfg = Release|Any CPU
		{3442853D-C4AC-4E7B-B5AF-3E44791C52E6}.Release|Any CPU.Build.0 = Release|Any CPU
	EndGlobalSection
	GlobalSection(SolutionProperties) = preSolution
		HideSolutionNode = FALSE
	EndGlobalSection
	GlobalSection(ExtensibilityGlobals) = postSolution
		SolutionGuid = {1221F52D-F859-42DA-A8B0-A7023748E924}
	EndGlobalSection
EndGlobal
